
Microsoft Visual Studio Solution File, Format Version 12.00
# Visual Studio Version 17
VisualStudioVersion = 17.8.34525.116
MinimumVisualStudioVersion = 10.0.40219.1
Project("{FAE04EC0-301F-11D3-BF4B-00C04F79EFBC}") = "ShoppingOrganizer.Mobile", "ShoppingOrganizer.Mobile\ShoppingOrganizer.Mobile.csproj", "{B75974AE-B15D-477B-A7DA-35222C5DF350}"
EndProject
Project("{FAE04EC0-301F-11D3-BF4B-00C04F79EFBC}") = "ShoppingOrganizer.Models", "ShoppingOrganizer.Models\ShoppingOrganizer.Models.csproj", "{D06696F8-BBD4-4A4F-BB7B-14390A7ED7C3}"
EndProject
Project("{FAE04EC0-301F-11D3-BF4B-00C04F79EFBC}") = "ShoppingOrganizer.Database", "ShoppingOrganizer.Database\ShoppingOrganizer.Database.csproj", "{62B85745-1C5C-40AB-A49F-255C5C524C74}"
EndProject
Global
	GlobalSection(SolutionConfigurationPlatforms) = preSolution
		Debug|Any CPU = Debug|Any CPU
		Release|Any CPU = Release|Any CPU
	EndGlobalSection
	GlobalSection(ProjectConfigurationPlatforms) = postSolution
		{B75974AE-B15D-477B-A7DA-35222C5DF350}.Debug|Any CPU.ActiveCfg = Debug|Any CPU
		{B75974AE-B15D-477B-A7DA-35222C5DF350}.Debug|Any CPU.Build.0 = Debug|Any CPU
		{B75974AE-B15D-477B-A7DA-35222C5DF350}.Debug|Any CPU.Deploy.0 = Debug|Any CPU
		{B75974AE-B15D-477B-A7DA-35222C5DF350}.Release|Any CPU.ActiveCfg = Release|Any CPU
		{B75974AE-B15D-477B-A7DA-35222C5DF350}.Release|Any CPU.Build.0 = Release|Any CPU
		{B75974AE-B15D-477B-A7DA-35222C5DF350}.Release|Any CPU.Deploy.0 = Release|Any CPU
		{D06696F8-BBD4-4A4F-BB7B-14390A7ED7C3}.Debug|Any CPU.ActiveCfg = Debug|Any CPU
		{D06696F8-BBD4-4A4F-BB7B-14390A7ED7C3}.Debug|Any CPU.Build.0 = Debug|Any CPU
		{D06696F8-BBD4-4A4F-BB7B-14390A7ED7C3}.Release|Any CPU.ActiveCfg = Release|Any CPU
		{D06696F8-BBD4-4A4F-BB7B-14390A7ED7C3}.Release|Any CPU.Build.0 = Release|Any CPU
		{62B85745-1C5C-40AB-A49F-255C5C524C74}.Debug|Any CPU.ActiveCfg = Debug|Any CPU
		{62B85745-1C5C-40AB-A49F-255C5C524C74}.Debug|Any CPU.Build.0 = Debug|Any CPU
		{62B85745-1C5C-40AB-A49F-255C5C524C74}.Release|Any CPU.ActiveCfg = Release|Any CPU
		{62B85745-1C5C-40AB-A49F-255C5C524C74}.Release|Any CPU.Build.0 = Release|Any CPU
	EndGlobalSection
	GlobalSection(SolutionProperties) = preSolution
		HideSolutionNode = FALSE
	EndGlobalSection
	GlobalSection(ExtensibilityGlobals) = postSolution
		SolutionGuid = {F65BB4A3-2A91-44BC-8B2A-84AAC18CA14C}
	EndGlobalSection
EndGlobal
